// !$*UTF8*$!
{
	archiveVersion = 1;
	classes = {
	};
	objectVersion = 46;
	objects = {

/* Begin PBXBuildFile section */
		C238F68D1A1E42F700D502E1 /* AppDelegate.swift in Sources */ = {isa = PBXBuildFile; fileRef = C238F68C1A1E42F700D502E1 /* AppDelegate.swift */; };
		C238F68F1A1E42F700D502E1 /* ViewController.swift in Sources */ = {isa = PBXBuildFile; fileRef = C238F68E1A1E42F700D502E1 /* ViewController.swift */; };
		C238F6921A1E42F700D502E1 /* Main.storyboard in Resources */ = {isa = PBXBuildFile; fileRef = C238F6901A1E42F700D502E1 /* Main.storyboard */; };
		C238F6941A1E42F700D502E1 /* Images.xcassets in Resources */ = {isa = PBXBuildFile; fileRef = C238F6931A1E42F700D502E1 /* Images.xcassets */; };
		C238F6971A1E42F700D502E1 /* LaunchScreen.xib in Resources */ = {isa = PBXBuildFile; fileRef = C238F6951A1E42F700D502E1 /* LaunchScreen.xib */; };
		C238F6A31A1E42F700D502E1 /* Anim_SwiftTests.swift in Sources */ = {isa = PBXBuildFile; fileRef = C238F6A21A1E42F700D502E1 /* Anim_SwiftTests.swift */; };
/* End PBXBuildFile section */

/* Begin PBXContainerItemProxy section */
		C238F69D1A1E42F700D502E1 /* PBXContainerItemProxy */ = {
			isa = PBXContainerItemProxy;
			containerPortal = C238F67F1A1E42F700D502E1 /* Project object */;
			proxyType = 1;
			remoteGlobalIDString = C238F6861A1E42F700D502E1;
			remoteInfo = Anim_Swift;
		};
/* End PBXContainerItemProxy section */

/* Begin PBXFileReference section */
		C238F6871A1E42F700D502E1 /* Anim_Swift.app */ = {isa = PBXFileReference; explicitFileType = wrapper.application; includeInIndex = 0; path = Anim_Swift.app; sourceTree = BUILT_PRODUCTS_DIR; };
		C238F68B1A1E42F700D502E1 /* Info.plist */ = {isa = PBXFileReference; lastKnownFileType = text.plist.xml; path = Info.plist; sourceTree = "<group>"; };
		C238F68C1A1E42F700D502E1 /* AppDelegate.swift */ = {isa = PBXFileReference; lastKnownFileType = sourcecode.swift; path = AppDelegate.swift; sourceTree = "<group>"; };
		C238F68E1A1E42F700D502E1 /* ViewController.swift */ = {isa = PBXFileReference; lastKnownFileType = sourcecode.swift; path = ViewController.swift; sourceTree = "<group>"; };
		C238F6911A1E42F700D502E1 /* Base */ = {isa = PBXFileReference; lastKnownFileType = file.storyboard; name = Base; path = Base.lproj/Main.storyboard; sourceTree = "<group>"; };
		C238F6931A1E42F700D502E1 /* Images.xcassets */ = {isa = PBXFileReference; lastKnownFileType = folder.assetcatalog; path = Images.xcassets; sourceTree = "<group>"; };
		C238F6961A1E42F700D502E1 /* Base */ = {isa = PBXFileReference; lastKnownFileType = file.xib; name = Base; path = Base.lproj/LaunchScreen.xib; sourceTree = "<group>"; };
		C238F69C1A1E42F700D502E1 /* Anim_SwiftTests.xctest */ = {isa = PBXFileReference; explicitFileType = wrapper.cfbundle; includeInIndex = 0; path = Anim_SwiftTests.xctest; sourceTree = BUILT_PRODUCTS_DIR; };
		C238F6A11A1E42F700D502E1 /* Info.plist */ = {isa = PBXFileReference; lastKnownFileType = text.plist.xml; path = Info.plist; sourceTree = "<group>"; };
		C238F6A21A1E42F700D502E1 /* Anim_SwiftTests.swift */ = {isa = PBXFileReference; lastKnownFileType = sourcecode.swift; path = Anim_SwiftTests.swift; sourceTree = "<group>"; };
/* End PBXFileReference section */

/* Begin PBXFrameworksBuildPhase section */
		C238F6841A1E42F700D502E1 /* Frameworks */ = {
			isa = PBXFrameworksBuildPhase;
			buildActionMask = 2147483647;
			files = (
			);
			runOnlyForDeploymentPostprocessing = 0;
		};
		C238F6991A1E42F700D502E1 /* Frameworks */ = {
			isa = PBXFrameworksBuildPhase;
			buildActionMask = 2147483647;
			files = (
			);
			runOnlyForDeploymentPostprocessing = 0;
		};
/* End PBXFrameworksBuildPhase section */

/* Begin PBXGroup section */
		C238F67E1A1E42F700D502E1 = {
			isa = PBXGroup;
			children = (
				C238F6891A1E42F700D502E1 /* Anim_Swift */,
				C238F69F1A1E42F700D502E1 /* Anim_SwiftTests */,
				C238F6881A1E42F700D502E1 /* Products */,
			);
			sourceTree = "<group>";
		};
		C238F6881A1E42F700D502E1 /* Products */ = {
			isa = PBXGroup;
			children = (
				C238F6871A1E42F700D502E1 /* Anim_Swift.app */,
				C238F69C1A1E42F700D502E1 /* Anim_SwiftTests.xctest */,
			);
			name = Products;
			sourceTree = "<group>";
		};
		C238F6891A1E42F700D502E1 /* Anim_Swift */ = {
			isa = PBXGroup;
			children = (
				C238F68C1A1E42F700D502E1 /* AppDelegate.swift */,
				C238F68E1A1E42F700D502E1 /* ViewController.swift */,
				C238F6901A1E42F700D502E1 /* Main.storyboard */,
				C238F6931A1E42F700D502E1 /* Images.xcassets */,
				C238F6951A1E42F700D502E1 /* LaunchScreen.xib */,
				C238F68A1A1E42F700D502E1 /* Supporting Files */,
			);
			path = Anim_Swift;
			sourceTree = "<group>";
		};
		C238F68A1A1E42F700D502E1 /* Supporting Files */ = {
			isa = PBXGroup;
			children = (
				C238F68B1A1E42F700D502E1 /* Info.plist */,
			);
			name = "Supporting Files";
			sourceTree = "<group>";
		};
		C238F69F1A1E42F700D502E1 /* Anim_SwiftTests */ = {
			isa = PBXGroup;
			children = (
				C238F6A21A1E42F700D502E1 /* Anim_SwiftTests.swift */,
				C238F6A01A1E42F700D502E1 /* Supporting Files */,
			);
			path = Anim_SwiftTests;
			sourceTree = "<group>";
		};
		C238F6A01A1E42F700D502E1 /* Supporting Files */ = {
			isa = PBXGroup;
			children = (
				C238F6A11A1E42F700D502E1 /* Info.plist */,
			);
			name = "Supporting Files";
			sourceTree = "<group>";
		};
/* End PBXGroup section */

/* Begin PBXNativeTarget section */
		C238F6861A1E42F700D502E1 /* Anim_Swift */ = {
			isa = PBXNativeTarget;
			buildConfigurationList = C238F6A61A1E42F700D502E1 /* Build configuration list for PBXNativeTarget "Anim_Swift" */;
			buildPhases = (
				C238F6831A1E42F700D502E1 /* Sources */,
				C238F6841A1E42F700D502E1 /* Frameworks */,
				C238F6851A1E42F700D502E1 /* Resources */,
			);
			buildRules = (
			);
			dependencies = (
			);
			name = Anim_Swift;
			productName = Anim_Swift;
			productReference = C238F6871A1E42F700D502E1 /* Anim_Swift.app */;
			productType = "com.apple.product-type.application";
		};
		C238F69B1A1E42F700D502E1 /* Anim_SwiftTests */ = {
			isa = PBXNativeTarget;
			buildConfigurationList = C238F6A91A1E42F700D502E1 /* Build configuration list for PBXNativeTarget "Anim_SwiftTests" */;
			buildPhases = (
				C238F6981A1E42F700D502E1 /* Sources */,
				C238F6991A1E42F700D502E1 /* Frameworks */,
				C238F69A1A1E42F700D502E1 /* Resources */,
			);
			buildRules = (
			);
			dependencies = (
				C238F69E1A1E42F700D502E1 /* PBXTargetDependency */,
			);
			name = Anim_SwiftTests;
			productName = Anim_SwiftTests;
			productReference = C238F69C1A1E42F700D502E1 /* Anim_SwiftTests.xctest */;
			productType = "com.apple.product-type.bundle.unit-test";
		};
/* End PBXNativeTarget section */

/* Begin PBXProject section */
		C238F67F1A1E42F700D502E1 /* Project object */ = {
			isa = PBXProject;
			attributes = {
				LastSwiftUpdateCheck = 0730;
				LastUpgradeCheck = 1020;
				ORGANIZATIONNAME = "Adam Wojtasik";
				TargetAttributes = {
					C238F6861A1E42F700D502E1 = {
						CreatedOnToolsVersion = 6.1;
						LastSwiftMigration = 1020;
					};
					C238F69B1A1E42F700D502E1 = {
						CreatedOnToolsVersion = 6.1;
						LastSwiftMigration = 1020;
						TestTargetID = C238F6861A1E42F700D502E1;
					};
				};
			};
			buildConfigurationList = C238F6821A1E42F700D502E1 /* Build configuration list for PBXProject "Anim_Swift" */;
			compatibilityVersion = "Xcode 3.2";
			developmentRegion = en;
			hasScannedForEncodings = 0;
			knownRegions = (
				en,
				Base,
			);
			mainGroup = C238F67E1A1E42F700D502E1;
			productRefGroup = C238F6881A1E42F700D502E1 /* Products */;
			projectDirPath = "";
			projectRoot = "";
			targets = (
				C238F6861A1E42F700D502E1 /* Anim_Swift */,
				C238F69B1A1E42F700D502E1 /* Anim_SwiftTests */,
			);
		};
/* End PBXProject section */

/* Begin PBXResourcesBuildPhase section */
		C238F6851A1E42F700D502E1 /* Resources */ = {
			isa = PBXResourcesBuildPhase;
			buildActionMask = 2147483647;
			files = (
				C238F6921A1E42F700D502E1 /* Main.storyboard in Resources */,
				C238F6971A1E42F700D502E1 /* LaunchScreen.xib in Resources */,
				C238F6941A1E42F700D502E1 /* Images.xcassets in Resources */,
			);
			runOnlyForDeploymentPostprocessing = 0;
		};
		C238F69A1A1E42F700D502E1 /* Resources */ = {
			isa = PBXResourcesBuildPhase;
			buildActionMask = 2147483647;
			files = (
			);
			runOnlyForDeploymentPostprocessing = 0;
		};
/* End PBXResourcesBuildPhase section */

/* Begin PBXSourcesBuildPhase section */
		C238F6831A1E42F700D502E1 /* Sources */ = {
			isa = PBXSourcesBuildPhase;
			buildActionMask = 2147483647;
			files = (
				C238F68F1A1E42F700D502E1 /* ViewController.swift in Sources */,
				C238F68D1A1E42F700D502E1 /* AppDelegate.swift in Sources */,
			);
			runOnlyForDeploymentPostprocessing = 0;
		};
		C238F6981A1E42F700D502E1 /* Sources */ = {
			isa = PBXSourcesBuildPhase;
			buildActionMask = 2147483647;
			files = (
				C238F6A31A1E42F700D502E1 /* Anim_SwiftTests.swift in Sources */,
			);
			runOnlyForDeploymentPostprocessing = 0;
		};
/* End PBXSourcesBuildPhase section */

/* Begin PBXTargetDependency section */
		C238F69E1A1E42F700D502E1 /* PBXTargetDependency */ = {
			isa = PBXTargetDependency;
			target = C238F6861A1E42F700D502E1 /* Anim_Swift */;
			targetProxy = C238F69D1A1E42F700D502E1 /* PBXContainerItemProxy */;
		};
/* End PBXTargetDependency section */

/* Begin PBXVariantGroup section */
		C238F6901A1E42F700D502E1 /* Main.storyboard */ = {
			isa = PBXVariantGroup;
			children = (
				C238F6911A1E42F700D502E1 /* Base */,
			);
			name = Main.storyboard;
			sourceTree = "<group>";
		};
		C238F6951A1E42F700D502E1 /* LaunchScreen.xib */ = {
			isa = PBXVariantGroup;
			children = (
				C238F6961A1E42F700D502E1 /* Base */,
			);
			name = LaunchScreen.xib;
			sourceTree = "<group>";
		};
/* End PBXVariantGroup section */

/* Begin XCBuildConfiguration section */
		C238F6A41A1E42F700D502E1 /* Debug */ = {
			isa = XCBuildConfiguration;
			buildSettings = {
				ALWAYS_SEARCH_USER_PATHS = NO;
				CLANG_ANALYZER_LOCALIZABILITY_NONLOCALIZED = YES;
				CLANG_CXX_LANGUAGE_STANDARD = "gnu++0x";
				CLANG_CXX_LIBRARY = "libc++";
				CLANG_ENABLE_MODULES = YES;
				CLANG_ENABLE_OBJC_ARC = YES;
				CLANG_WARN_BLOCK_CAPTURE_AUTORELEASING = YES;
				CLANG_WARN_BOOL_CONVERSION = YES;
				CLANG_WARN_COMMA = YES;
				CLANG_WARN_CONSTANT_CONVERSION = YES;
				CLANG_WARN_DEPRECATED_OBJC_IMPLEMENTATIONS = YES;
				CLANG_WARN_DIRECT_OBJC_ISA_USAGE = YES_ERROR;
				CLANG_WARN_EMPTY_BODY = YES;
				CLANG_WARN_ENUM_CONVERSION = YES;
				CLANG_WARN_INFINITE_RECURSION = YES;
				CLANG_WARN_INT_CONVERSION = YES;
				CLANG_WARN_NON_LITERAL_NULL_CONVERSION = YES;
				CLANG_WARN_OBJC_IMPLICIT_RETAIN_SELF = YES;
				CLANG_WARN_OBJC_LITERAL_CONVERSION = YES;
				CLANG_WARN_OBJC_ROOT_CLASS = YES_ERROR;
				CLANG_WARN_RANGE_LOOP_ANALYSIS = YES;
				CLANG_WARN_STRICT_PROTOTYPES = YES;
				CLANG_WARN_SUSPICIOUS_MOVE = YES;
				CLANG_WARN_UNREACHABLE_CODE = YES;
				CLANG_WARN__DUPLICATE_METHOD_MATCH = YES;
				"CODE_SIGN_IDENTITY[sdk=iphoneos*]" = "iPhone Developer";
				COPY_PHASE_STRIP = NO;
				ENABLE_STRICT_OBJC_MSGSEND = YES;
				ENABLE_TESTABILITY = YES;
				GCC_C_LANGUAGE_STANDARD = gnu99;
				GCC_DYNAMIC_NO_PIC = NO;
				GCC_NO_COMMON_BLOCKS = YES;
				GCC_OPTIMIZATION_LEVEL = 0;
				GCC_PREPROCESSOR_DEFINITIONS = (
					"DEBUG=1",
					"$(inherited)",
				);
				GCC_SYMBOLS_PRIVATE_EXTERN = NO;
				GCC_WARN_64_TO_32_BIT_CONVERSION = YES;
				GCC_WARN_ABOUT_RETURN_TYPE = YES_ERROR;
				GCC_WARN_UNDECLARED_SELECTOR = YES;
				GCC_WARN_UNINITIALIZED_AUTOS = YES_AGGRESSIVE;
				GCC_WARN_UNUSED_FUNCTION = YES;
				GCC_WARN_UNUSED_VARIABLE = YES;
				IPHONEOS_DEPLOYMENT_TARGET = 12.2;
				MTL_ENABLE_DEBUG_INFO = YES;
				ONLY_ACTIVE_ARCH = YES;
				SDKROOT = iphoneos;
				SWIFT_OPTIMIZATION_LEVEL = "-Onone";
			};
			name = Debug;
		};
		C238F6A51A1E42F700D502E1 /* Release */ = {
			isa = XCBuildConfiguration;
			buildSettings = {
				ALWAYS_SEARCH_USER_PATHS = NO;
				CLANG_ANALYZER_LOCALIZABILITY_NONLOCALIZED = YES;
				CLANG_CXX_LANGUAGE_STANDARD = "gnu++0x";
				CLANG_CXX_LIBRARY = "libc++";
				CLANG_ENABLE_MODULES = YES;
				CLANG_ENABLE_OBJC_ARC = YES;
				CLANG_WARN_BLOCK_CAPTURE_AUTORELEASING = YES;
				CLANG_WARN_BOOL_CONVERSION = YES;
				CLANG_WARN_COMMA = YES;
				CLANG_WARN_CONSTANT_CONVERSION = YES;
				CLANG_WARN_DEPRECATED_OBJC_IMPLEMENTATIONS = YES;
				CLANG_WARN_DIRECT_OBJC_ISA_USAGE = YES_ERROR;
				CLANG_WARN_EMPTY_BODY = YES;
				CLANG_WARN_ENUM_CONVERSION = YES;
				CLANG_WARN_INFINITE_RECURSION = YES;
				CLANG_WARN_INT_CONVERSION = YES;
				CLANG_WARN_NON_LITERAL_NULL_CONVERSION = YES;
				CLANG_WARN_OBJC_IMPLICIT_RETAIN_SELF = YES;
				CLANG_WARN_OBJC_LITERAL_CONVERSION = YES;
				CLANG_WARN_OBJC_ROOT_CLASS = YES_ERROR;
				CLANG_WARN_RANGE_LOOP_ANALYSIS = YES;
				CLANG_WARN_STRICT_PROTOTYPES = YES;
				CLANG_WARN_SUSPICIOUS_MOVE = YES;
				CLANG_WARN_UNREACHABLE_CODE = YES;
				CLANG_WARN__DUPLICATE_METHOD_MATCH = YES;
				"CODE_SIGN_IDENTITY[sdk=iphoneos*]" = "iPhone Developer";
				COPY_PHASE_STRIP = YES;
				ENABLE_NS_ASSERTIONS = NO;
				ENABLE_STRICT_OBJC_MSGSEND = YES;
				GCC_C_LANGUAGE_STANDARD = gnu99;
				GCC_NO_COMMON_BLOCKS = YES;
				GCC_WARN_64_TO_32_BIT_CONVERSION = YES;
				GCC_WARN_ABOUT_RETURN_TYPE = YES_ERROR;
				GCC_WARN_UNDECLARED_SELECTOR = YES;
				GCC_WARN_UNINITIALIZED_AUTOS = YES_AGGRESSIVE;
				GCC_WARN_UNUSED_FUNCTION = YES;
				GCC_WARN_UNUSED_VARIABLE = YES;
				IPHONEOS_DEPLOYMENT_TARGET = 12.2;
				MTL_ENABLE_DEBUG_INFO = NO;
				SDKROOT = iphoneos;
				SWIFT_OPTIMIZATION_LEVEL = "-Owholemodule";
				VALIDATE_PRODUCT = YES;
			};
			name = Release;
		};
		C238F6A71A1E42F700D502E1 /* Debug */ = {
			isa = XCBuildConfiguration;
			buildSettings = {
				ASSETCATALOG_COMPILER_APPICON_NAME = AppIcon;
				INFOPLIST_FILE = Anim_Swift/Info.plist;
				LD_RUNPATH_SEARCH_PATHS = "$(inherited) @executable_path/Frameworks";
				PRODUCT_BUNDLE_IDENTIFIER = "gggg.$(PRODUCT_NAME:rfc1034identifier)";
				PRODUCT_NAME = "$(TARGET_NAME)";
				SWIFT_VERSION = 5.0;
			};
			name = Debug;
		};
		C238F6A81A1E42F700D502E1 /* Release */ = {
			isa = XCBuildConfiguration;
			buildSettings = {
				ASSETCATALOG_COMPILER_APPICON_NAME = AppIcon;
				INFOPLIST_FILE = Anim_Swift/Info.plist;
				LD_RUNPATH_SEARCH_PATHS = "$(inherited) @executable_path/Frameworks";
				PRODUCT_BUNDLE_IDENTIFIER = "gggg.$(PRODUCT_NAME:rfc1034identifier)";
				PRODUCT_NAME = "$(TARGET_NAME)";
				SWIFT_VERSION = 5.0;
			};
			name = Release;
		};
		C238F6AA1A1E42F700D502E1 /* Debug */ = {
			isa = XCBuildConfiguration;
			buildSettings = {
				BUNDLE_LOADER = "$(TEST_HOST)";
				FRAMEWORK_SEARCH_PATHS = (
					"$(SDKROOT)/Developer/Library/Frameworks",
					"$(inherited)",
				);
				GCC_PREPROCESSOR_DEFINITIONS = (
					"DEBUG=1",
					"$(inherited)",
				);
				INFOPLIST_FILE = Anim_SwiftTests/Info.plist;
				LD_RUNPATH_SEARCH_PATHS = "$(inherited) @executable_path/Frameworks @loader_path/Frameworks";
				PRODUCT_BUNDLE_IDENTIFIER = "gggg.$(PRODUCT_NAME:rfc1034identifier)";
				PRODUCT_NAME = "$(TARGET_NAME)";
				SWIFT_VERSION = 5.0;
				TEST_HOST = "$(BUILT_PRODUCTS_DIR)/Anim_Swift.app/Anim_Swift";
			};
			name = Debug;
		};
		C238F6AB1A1E42F700D502E1 /* Release */ = {
			isa = XCBuildConfiguration;
			buildSettings = {
				BUNDLE_LOADER = "$(TEST_HOST)";
				FRAMEWORK_SEARCH_PATHS = (
					"$(SDKROOT)/Developer/Library/Frameworks",
					"$(inherited)",
				);
				INFOPLIST_FILE = Anim_SwiftTests/Info.plist;
				LD_RUNPATH_SEARCH_PATHS = "$(inherited) @executable_path/Frameworks @loader_path/Frameworks";
				PRODUCT_BUNDLE_IDENTIFIER = "gggg.$(PRODUCT_NAME:rfc1034identifier)";
				PRODUCT_NAME = "$(TARGET_NAME)";
				SWIFT_VERSION = 5.0;
				TEST_HOST = "$(BUILT_PRODUCTS_DIR)/Anim_Swift.app/Anim_Swift";
			};
			name = Release;
		};
/* End XCBuildConfiguration section */

/* Begin XCConfigurationList section */
		C238F6821A1E42F700D502E1 /* Build configuration list for PBXProject "Anim_Swift" */ = {
			isa = XCConfigurationList;
			buildConfigurations = (
				C238F6A41A1E42F700D502E1 /* Debug */,
				C238F6A51A1E42F700D502E1 /* Release */,
			);
			defaultConfigurationIsVisible = 0;
			defaultConfigurationName = Release;
		};
		C238F6A61A1E42F700D502E1 /* Build configuration list for PBXNativeTarget "Anim_Swift" */ = {
			isa = XCConfigurationList;
			buildConfigurations = (
				C238F6A71A1E42F700D502E1 /* Debug */,
				C238F6A81A1E42F700D502E1 /* Release */,
			);
			defaultConfigurationIsVisible = 0;
			defaultConfigurationName = Release;
		};
		C238F6A91A1E42F700D502E1 /* Build configuration list for PBXNativeTarget "Anim_SwiftTests" */ = {
			isa = XCConfigurationList;
			buildConfigurations = (
				C238F6AA1A1E42F700D502E1 /* Debug */,
				C238F6AB1A1E42F700D502E1 /* Release */,
			);
			defaultConfigurationIsVisible = 0;
			defaultConfigurationName = Release;
		};
/* End XCConfigurationList section */
	};
	rootObject = C238F67F1A1E42F700D502E1 /* Project object */;
}
