// !$*UTF8*$!
{
	archiveVersion = 1;
	classes = {
	};
	objectVersion = 48;
	objects = {

/* Begin PBXBuildFile section */
		C2A42B661FB72F23006B3D57 /* AppDelegate.swift in Sources */ = {isa = PBXBuildFile; fileRef = C2A42B651FB72F23006B3D57 /* AppDelegate.swift */; };
		C2A42B681FB72F23006B3D57 /* Assets.xcassets in Resources */ = {isa = PBXBuildFile; fileRef = C2A42B671FB72F23006B3D57 /* Assets.xcassets */; };
		C2A42B6B1FB72F23006B3D57 /* MainMenu.xib in Resources */ = {isa = PBXBuildFile; fileRef = C2A42B691FB72F23006B3D57 /* MainMenu.xib */; };
		E758C43529F143EE00CF0A44 /* Robotnik.swift in Sources */ = {isa = PBXBuildFile; fileRef = E758C43429F143EE00CF0A44 /* Robotnik.swift */; };
		E7C66688246D7BDE00709135 /* MojeZadanie.swift in Sources */ = {isa = PBXBuildFile; fileRef = E7C66687246D7BDE00709135 /* MojeZadanie.swift */; };
/* End PBXBuildFile section */

/* Begin PBXFileReference section */
		C2A42B621FB72F23006B3D57 /* ClassicThread.app */ = {isa = PBXFileReference; explicitFileType = wrapper.application; includeInIndex = 0; path = ClassicThread.app; sourceTree = BUILT_PRODUCTS_DIR; };
		C2A42B651FB72F23006B3D57 /* AppDelegate.swift */ = {isa = PBXFileReference; lastKnownFileType = sourcecode.swift; path = AppDelegate.swift; sourceTree = "<group>"; };
		C2A42B671FB72F23006B3D57 /* Assets.xcassets */ = {isa = PBXFileReference; lastKnownFileType = folder.assetcatalog; path = Assets.xcassets; sourceTree = "<group>"; };
		C2A42B6A1FB72F23006B3D57 /* Base */ = {isa = PBXFileReference; lastKnownFileType = file.xib; name = Base; path = Base.lproj/MainMenu.xib; sourceTree = "<group>"; };
		C2A42B6C1FB72F23006B3D57 /* Info.plist */ = {isa = PBXFileReference; lastKnownFileType = text.plist.xml; path = Info.plist; sourceTree = "<group>"; };
		C2A42B6D1FB72F23006B3D57 /* ClassicThread.entitlements */ = {isa = PBXFileReference; lastKnownFileType = text.plist.entitlements; path = ClassicThread.entitlements; sourceTree = "<group>"; };
		E758C43429F143EE00CF0A44 /* Robotnik.swift */ = {isa = PBXFileReference; lastKnownFileType = sourcecode.swift; path = Robotnik.swift; sourceTree = "<group>"; };
		E7C66687246D7BDE00709135 /* MojeZadanie.swift */ = {isa = PBXFileReference; fileEncoding = 4; lastKnownFileType = sourcecode.swift; path = MojeZadanie.swift; sourceTree = "<group>"; };
/* End PBXFileReference section */

/* Begin PBXFrameworksBuildPhase section */
		C2A42B5F1FB72F23006B3D57 /* Frameworks */ = {
			isa = PBXFrameworksBuildPhase;
			buildActionMask = 2147483647;
			files = (
			);
			runOnlyForDeploymentPostprocessing = 0;
		};
/* End PBXFrameworksBuildPhase section */

/* Begin PBXGroup section */
		C2A42B591FB72F23006B3D57 = {
			isa = PBXGroup;
			children = (
				C2A42B641FB72F23006B3D57 /* ClassicThread */,
				C2A42B631FB72F23006B3D57 /* Products */,
			);
			sourceTree = "<group>";
		};
		C2A42B631FB72F23006B3D57 /* Products */ = {
			isa = PBXGroup;
			children = (
				C2A42B621FB72F23006B3D57 /* ClassicThread.app */,
			);
			name = Products;
			sourceTree = "<group>";
		};
		C2A42B641FB72F23006B3D57 /* ClassicThread */ = {
			isa = PBXGroup;
			children = (
				C2A42B651FB72F23006B3D57 /* AppDelegate.swift */,
				E7C66687246D7BDE00709135 /* MojeZadanie.swift */,
				E758C43429F143EE00CF0A44 /* Robotnik.swift */,
				C2A42B671FB72F23006B3D57 /* Assets.xcassets */,
				C2A42B691FB72F23006B3D57 /* MainMenu.xib */,
				C2A42B6C1FB72F23006B3D57 /* Info.plist */,
				C2A42B6D1FB72F23006B3D57 /* ClassicThread.entitlements */,
			);
			path = ClassicThread;
			sourceTree = "<group>";
		};
/* End PBXGroup section */

/* Begin PBXNativeTarget section */
		C2A42B611FB72F23006B3D57 /* ClassicThread */ = {
			isa = PBXNativeTarget;
			buildConfigurationList = C2A42B701FB72F23006B3D57 /* Build configuration list for PBXNativeTarget "ClassicThread" */;
			buildPhases = (
				C2A42B5E1FB72F23006B3D57 /* Sources */,
				C2A42B5F1FB72F23006B3D57 /* Frameworks */,
				C2A42B601FB72F23006B3D57 /* Resources */,
			);
			buildRules = (
			);
			dependencies = (
			);
			name = ClassicThread;
			productName = ClassicThread;
			productReference = C2A42B621FB72F23006B3D57 /* ClassicThread.app */;
			productType = "com.apple.product-type.application";
		};
/* End PBXNativeTarget section */

/* Begin PBXProject section */
		C2A42B5A1FB72F23006B3D57 /* Project object */ = {
			isa = PBXProject;
			attributes = {
				LastSwiftUpdateCheck = 0910;
				LastUpgradeCheck = 1220;
				ORGANIZATIONNAME = AW;
				TargetAttributes = {
					C2A42B611FB72F23006B3D57 = {
						CreatedOnToolsVersion = 9.1;
						LastSwiftMigration = 1020;
						ProvisioningStyle = Automatic;
					};
				};
			};
			buildConfigurationList = C2A42B5D1FB72F23006B3D57 /* Build configuration list for PBXProject "ClassicThread" */;
			compatibilityVersion = "Xcode 8.0";
			developmentRegion = en;
			hasScannedForEncodings = 0;
			knownRegions = (
				en,
				Base,
			);
			mainGroup = C2A42B591FB72F23006B3D57;
			productRefGroup = C2A42B631FB72F23006B3D57 /* Products */;
			projectDirPath = "";
			projectRoot = "";
			targets = (
				C2A42B611FB72F23006B3D57 /* ClassicThread */,
			);
		};
/* End PBXProject section */

/* Begin PBXResourcesBuildPhase section */
		C2A42B601FB72F23006B3D57 /* Resources */ = {
			isa = PBXResourcesBuildPhase;
			buildActionMask = 2147483647;
			files = (
				C2A42B681FB72F23006B3D57 /* Assets.xcassets in Resources */,
				C2A42B6B1FB72F23006B3D57 /* MainMenu.xib in Resources */,
			);
			runOnlyForDeploymentPostprocessing = 0;
		};
/* End PBXResourcesBuildPhase section */

/* Begin PBXSourcesBuildPhase section */
		C2A42B5E1FB72F23006B3D57 /* Sources */ = {
			isa = PBXSourcesBuildPhase;
			buildActionMask = 2147483647;
			files = (
				C2A42B661FB72F23006B3D57 /* AppDelegate.swift in Sources */,
				E758C43529F143EE00CF0A44 /* Robotnik.swift in Sources */,
				E7C66688246D7BDE00709135 /* MojeZadanie.swift in Sources */,
			);
			runOnlyForDeploymentPostprocessing = 0;
		};
/* End PBXSourcesBuildPhase section */

/* Begin PBXVariantGroup section */
		C2A42B691FB72F23006B3D57 /* MainMenu.xib */ = {
			isa = PBXVariantGroup;
			children = (
				C2A42B6A1FB72F23006B3D57 /* Base */,
			);
			name = MainMenu.xib;
			sourceTree = "<group>";
		};
/* End PBXVariantGroup section */

/* Begin XCBuildConfiguration section */
		C2A42B6E1FB72F23006B3D57 /* Debug */ = {
			isa = XCBuildConfiguration;
			buildSettings = {
				ALWAYS_SEARCH_USER_PATHS = NO;
				CLANG_ANALYZER_NONNULL = YES;
				CLANG_ANALYZER_NUMBER_OBJECT_CONVERSION = YES_AGGRESSIVE;
				CLANG_CXX_LANGUAGE_STANDARD = "gnu++14";
				CLANG_CXX_LIBRARY = "libc++";
				CLANG_ENABLE_MODULES = YES;
				CLANG_ENABLE_OBJC_ARC = YES;
				CLANG_WARN_BLOCK_CAPTURE_AUTORELEASING = YES;
				CLANG_WARN_BOOL_CONVERSION = YES;
				CLANG_WARN_COMMA = YES;
				CLANG_WARN_CONSTANT_CONVERSION = YES;
				CLANG_WARN_DEPRECATED_OBJC_IMPLEMENTATIONS = YES;
				CLANG_WARN_DIRECT_OBJC_ISA_USAGE = YES_ERROR;
				CLANG_WARN_DOCUMENTATION_COMMENTS = YES;
				CLANG_WARN_EMPTY_BODY = YES;
				CLANG_WARN_ENUM_CONVERSION = YES;
				CLANG_WARN_INFINITE_RECURSION = YES;
				CLANG_WARN_INT_CONVERSION = YES;
				CLANG_WARN_NON_LITERAL_NULL_CONVERSION = YES;
				CLANG_WARN_OBJC_IMPLICIT_RETAIN_SELF = YES;
				CLANG_WARN_OBJC_LITERAL_CONVERSION = YES;
				CLANG_WARN_OBJC_ROOT_CLASS = YES_ERROR;
				CLANG_WARN_QUOTED_INCLUDE_IN_FRAMEWORK_HEADER = YES;
				CLANG_WARN_RANGE_LOOP_ANALYSIS = YES;
				CLANG_WARN_STRICT_PROTOTYPES = YES;
				CLANG_WARN_SUSPICIOUS_MOVE = YES;
				CLANG_WARN_UNGUARDED_AVAILABILITY = YES_AGGRESSIVE;
				CLANG_WARN_UNREACHABLE_CODE = YES;
				CLANG_WARN__DUPLICATE_METHOD_MATCH = YES;
				CODE_SIGN_IDENTITY = "-";
				COPY_PHASE_STRIP = NO;
				DEBUG_INFORMATION_FORMAT = dwarf;
				ENABLE_STRICT_OBJC_MSGSEND = YES;
				ENABLE_TESTABILITY = YES;
				GCC_C_LANGUAGE_STANDARD = gnu11;
				GCC_DYNAMIC_NO_PIC = NO;
				GCC_NO_COMMON_BLOCKS = YES;
				GCC_OPTIMIZATION_LEVEL = 0;
				GCC_PREPROCESSOR_DEFINITIONS = (
					"DEBUG=1",
					"$(inherited)",
				);
				GCC_WARN_64_TO_32_BIT_CONVERSION = YES;
				GCC_WARN_ABOUT_RETURN_TYPE = YES_ERROR;
				GCC_WARN_UNDECLARED_SELECTOR = YES;
				GCC_WARN_UNINITIALIZED_AUTOS = YES_AGGRESSIVE;
				GCC_WARN_UNUSED_FUNCTION = YES;
				GCC_WARN_UNUSED_VARIABLE = YES;
				MACOSX_DEPLOYMENT_TARGET = 10.13;
				MTL_ENABLE_DEBUG_INFO = YES;
				ONLY_ACTIVE_ARCH = YES;
				SDKROOT = macosx;
				SWIFT_ACTIVE_COMPILATION_CONDITIONS = DEBUG;
				SWIFT_OPTIMIZATION_LEVEL = "-Onone";
			};
			name = Debug;
		};
		C2A42B6F1FB72F23006B3D57 /* Release */ = {
			isa = XCBuildConfiguration;
			buildSettings = {
				ALWAYS_SEARCH_USER_PATHS = NO;
				CLANG_ANALYZER_NONNULL = YES;
				CLANG_ANALYZER_NUMBER_OBJECT_CONVERSION = YES_AGGRESSIVE;
				CLANG_CXX_LANGUAGE_STANDARD = "gnu++14";
				CLANG_CXX_LIBRARY = "libc++";
				CLANG_ENABLE_MODULES = YES;
				CLANG_ENABLE_OBJC_ARC = YES;
				CLANG_WARN_BLOCK_CAPTURE_AUTORELEASING = YES;
				CLANG_WARN_BOOL_CONVERSION = YES;
				CLANG_WARN_COMMA = YES;
				CLANG_WARN_CONSTANT_CONVERSION = YES;
				CLANG_WARN_DEPRECATED_OBJC_IMPLEMENTATIONS = YES;
				CLANG_WARN_DIRECT_OBJC_ISA_USAGE = YES_ERROR;
				CLANG_WARN_DOCUMENTATION_COMMENTS = YES;
				CLANG_WARN_EMPTY_BODY = YES;
				CLANG_WARN_ENUM_CONVERSION = YES;
				CLANG_WARN_INFINITE_RECURSION = YES;
				CLANG_WARN_INT_CONVERSION = YES;
				CLANG_WARN_NON_LITERAL_NULL_CONVERSION = YES;
				CLANG_WARN_OBJC_IMPLICIT_RETAIN_SELF = YES;
				CLANG_WARN_OBJC_LITERAL_CONVERSION = YES;
				CLANG_WARN_OBJC_ROOT_CLASS = YES_ERROR;
				CLANG_WARN_QUOTED_INCLUDE_IN_FRAMEWORK_HEADER = YES;
				CLANG_WARN_RANGE_LOOP_ANALYSIS = YES;
				CLANG_WARN_STRICT_PROTOTYPES = YES;
				CLANG_WARN_SUSPICIOUS_MOVE = YES;
				CLANG_WARN_UNGUARDED_AVAILABILITY = YES_AGGRESSIVE;
				CLANG_WARN_UNREACHABLE_CODE = YES;
				CLANG_WARN__DUPLICATE_METHOD_MATCH = YES;
				CODE_SIGN_IDENTITY = "-";
				COPY_PHASE_STRIP = NO;
				DEBUG_INFORMATION_FORMAT = "dwarf-with-dsym";
				ENABLE_NS_ASSERTIONS = NO;
				ENABLE_STRICT_OBJC_MSGSEND = YES;
				GCC_C_LANGUAGE_STANDARD = gnu11;
				GCC_NO_COMMON_BLOCKS = YES;
				GCC_WARN_64_TO_32_BIT_CONVERSION = YES;
				GCC_WARN_ABOUT_RETURN_TYPE = YES_ERROR;
				GCC_WARN_UNDECLARED_SELECTOR = YES;
				GCC_WARN_UNINITIALIZED_AUTOS = YES_AGGRESSIVE;
				GCC_WARN_UNUSED_FUNCTION = YES;
				GCC_WARN_UNUSED_VARIABLE = YES;
				MACOSX_DEPLOYMENT_TARGET = 10.13;
				MTL_ENABLE_DEBUG_INFO = NO;
				SDKROOT = macosx;
				SWIFT_OPTIMIZATION_LEVEL = "-Owholemodule";
			};
			name = Release;
		};
		C2A42B711FB72F23006B3D57 /* Debug */ = {
			isa = XCBuildConfiguration;
			buildSettings = {
				ASSETCATALOG_COMPILER_APPICON_NAME = AppIcon;
				CODE_SIGN_ENTITLEMENTS = ClassicThread/ClassicThread.entitlements;
				CODE_SIGN_IDENTITY = "-";
				CODE_SIGN_STYLE = Automatic;
				COMBINE_HIDPI_IMAGES = YES;
				INFOPLIST_FILE = ClassicThread/Info.plist;
				LD_RUNPATH_SEARCH_PATHS = "$(inherited) @executable_path/../Frameworks";
				PRODUCT_BUNDLE_IDENTIFIER = com.imio.pw.ClassicThread;
				PRODUCT_NAME = "$(TARGET_NAME)";
				SWIFT_VERSION = 5.0;
			};
			name = Debug;
		};
		C2A42B721FB72F23006B3D57 /* Release */ = {
			isa = XCBuildConfiguration;
			buildSettings = {
				ASSETCATALOG_COMPILER_APPICON_NAME = AppIcon;
				CODE_SIGN_ENTITLEMENTS = ClassicThread/ClassicThread.entitlements;
				CODE_SIGN_IDENTITY = "-";
				CODE_SIGN_STYLE = Automatic;
				COMBINE_HIDPI_IMAGES = YES;
				INFOPLIST_FILE = ClassicThread/Info.plist;
				LD_RUNPATH_SEARCH_PATHS = "$(inherited) @executable_path/../Frameworks";
				PRODUCT_BUNDLE_IDENTIFIER = com.imio.pw.ClassicThread;
				PRODUCT_NAME = "$(TARGET_NAME)";
				SWIFT_VERSION = 5.0;
			};
			name = Release;
		};
/* End XCBuildConfiguration section */

/* Begin XCConfigurationList section */
		C2A42B5D1FB72F23006B3D57 /* Build configuration list for PBXProject "ClassicThread" */ = {
			isa = XCConfigurationList;
			buildConfigurations = (
				C2A42B6E1FB72F23006B3D57 /* Debug */,
				C2A42B6F1FB72F23006B3D57 /* Release */,
			);
			defaultConfigurationIsVisible = 0;
			defaultConfigurationName = Release;
		};
		C2A42B701FB72F23006B3D57 /* Build configuration list for PBXNativeTarget "ClassicThread" */ = {
			isa = XCConfigurationList;
			buildConfigurations = (
				C2A42B711FB72F23006B3D57 /* Debug */,
				C2A42B721FB72F23006B3D57 /* Release */,
			);
			defaultConfigurationIsVisible = 0;
			defaultConfigurationName = Release;
		};
/* End XCConfigurationList section */
	};
	rootObject = C2A42B5A1FB72F23006B3D57 /* Project object */;
}
