// !$*UTF8*$!
{
	archiveVersion = 1;
	classes = {
	};
	objectVersion = 51;
	objects = {

/* Begin PBXBuildFile section */
		C2C5BFC21A01883C009658AF /* AppDelegate.swift in Sources */ = {isa = PBXBuildFile; fileRef = C2C5BFC11A01883C009658AF /* AppDelegate.swift */; };
		C2C5BFC41A01883C009658AF /* ViewController.swift in Sources */ = {isa = PBXBuildFile; fileRef = C2C5BFC31A01883C009658AF /* ViewController.swift */; };
		C2C5BFC71A01883C009658AF /* Main.storyboard in Resources */ = {isa = PBXBuildFile; fileRef = C2C5BFC51A01883C009658AF /* Main.storyboard */; };
		C2C5BFC91A01883C009658AF /* Images.xcassets in Resources */ = {isa = PBXBuildFile; fileRef = C2C5BFC81A01883C009658AF /* Images.xcassets */; };
		C2C5BFCC1A01883C009658AF /* LaunchScreen.xib in Resources */ = {isa = PBXBuildFile; fileRef = C2C5BFCA1A01883C009658AF /* LaunchScreen.xib */; };
		C2C5BFE21A018E03009658AF /* ModelPrzyklad.swift in Sources */ = {isa = PBXBuildFile; fileRef = C2C5BFE11A018E03009658AF /* ModelPrzyklad.swift */; };
/* End PBXBuildFile section */

/* Begin PBXFileReference section */
		C2C5BFBC1A01883C009658AF /* PrzykladZModelem.app */ = {isa = PBXFileReference; explicitFileType = wrapper.application; includeInIndex = 0; path = PrzykladZModelem.app; sourceTree = BUILT_PRODUCTS_DIR; };
		C2C5BFC01A01883C009658AF /* Info.plist */ = {isa = PBXFileReference; lastKnownFileType = text.plist.xml; path = Info.plist; sourceTree = "<group>"; };
		C2C5BFC11A01883C009658AF /* AppDelegate.swift */ = {isa = PBXFileReference; lastKnownFileType = sourcecode.swift; path = AppDelegate.swift; sourceTree = "<group>"; };
		C2C5BFC31A01883C009658AF /* ViewController.swift */ = {isa = PBXFileReference; lastKnownFileType = sourcecode.swift; path = ViewController.swift; sourceTree = "<group>"; };
		C2C5BFC61A01883C009658AF /* Base */ = {isa = PBXFileReference; lastKnownFileType = file.storyboard; name = Base; path = Base.lproj/Main.storyboard; sourceTree = "<group>"; };
		C2C5BFC81A01883C009658AF /* Images.xcassets */ = {isa = PBXFileReference; lastKnownFileType = folder.assetcatalog; path = Images.xcassets; sourceTree = "<group>"; };
		C2C5BFCB1A01883C009658AF /* Base */ = {isa = PBXFileReference; lastKnownFileType = file.xib; name = Base; path = Base.lproj/LaunchScreen.xib; sourceTree = "<group>"; };
		C2C5BFE11A018E03009658AF /* ModelPrzyklad.swift */ = {isa = PBXFileReference; fileEncoding = 4; lastKnownFileType = sourcecode.swift; path = ModelPrzyklad.swift; sourceTree = "<group>"; };
/* End PBXFileReference section */

/* Begin PBXFrameworksBuildPhase section */
		C2C5BFB91A01883C009658AF /* Frameworks */ = {
			isa = PBXFrameworksBuildPhase;
			buildActionMask = 2147483647;
			files = (
			);
			runOnlyForDeploymentPostprocessing = 0;
		};
/* End PBXFrameworksBuildPhase section */

/* Begin PBXGroup section */
		C2C5BFB31A01883C009658AF = {
			isa = PBXGroup;
			children = (
				C2C5BFBE1A01883C009658AF /* PrzykladZModelem */,
				C2C5BFBD1A01883C009658AF /* Products */,
			);
			sourceTree = "<group>";
		};
		C2C5BFBD1A01883C009658AF /* Products */ = {
			isa = PBXGroup;
			children = (
				C2C5BFBC1A01883C009658AF /* PrzykladZModelem.app */,
			);
			name = Products;
			sourceTree = "<group>";
		};
		C2C5BFBE1A01883C009658AF /* PrzykladZModelem */ = {
			isa = PBXGroup;
			children = (
				C2C5BFC11A01883C009658AF /* AppDelegate.swift */,
				C2C5BFC31A01883C009658AF /* ViewController.swift */,
				C2C5BFE11A018E03009658AF /* ModelPrzyklad.swift */,
				C2C5BFC51A01883C009658AF /* Main.storyboard */,
				C2C5BFC81A01883C009658AF /* Images.xcassets */,
				C2C5BFCA1A01883C009658AF /* LaunchScreen.xib */,
				C2C5BFBF1A01883C009658AF /* Supporting Files */,
			);
			path = PrzykladZModelem;
			sourceTree = "<group>";
		};
		C2C5BFBF1A01883C009658AF /* Supporting Files */ = {
			isa = PBXGroup;
			children = (
				C2C5BFC01A01883C009658AF /* Info.plist */,
			);
			name = "Supporting Files";
			sourceTree = "<group>";
		};
/* End PBXGroup section */

/* Begin PBXNativeTarget section */
		C2C5BFBB1A01883C009658AF /* PrzykladZModelem */ = {
			isa = PBXNativeTarget;
			buildConfigurationList = C2C5BFDB1A01883C009658AF /* Build configuration list for PBXNativeTarget "PrzykladZModelem" */;
			buildPhases = (
				C2C5BFB81A01883C009658AF /* Sources */,
				C2C5BFB91A01883C009658AF /* Frameworks */,
				C2C5BFBA1A01883C009658AF /* Resources */,
			);
			buildRules = (
			);
			dependencies = (
			);
			name = PrzykladZModelem;
			productName = PrzykladZModelem;
			productReference = C2C5BFBC1A01883C009658AF /* PrzykladZModelem.app */;
			productType = "com.apple.product-type.application";
		};
/* End PBXNativeTarget section */

/* Begin PBXProject section */
		C2C5BFB41A01883C009658AF /* Project object */ = {
			isa = PBXProject;
			attributes = {
				LastSwiftUpdateCheck = 0700;
				LastUpgradeCheck = 1210;
				ORGANIZATIONNAME = "Adam Wojtasik";
				TargetAttributes = {
					C2C5BFBB1A01883C009658AF = {
						CreatedOnToolsVersion = 6.1;
						LastSwiftMigration = 1020;
					};
				};
			};
			buildConfigurationList = C2C5BFB71A01883C009658AF /* Build configuration list for PBXProject "PrzykladZModelem" */;
			compatibilityVersion = "Xcode 10.0";
			developmentRegion = en;
			hasScannedForEncodings = 0;
			knownRegions = (
				en,
				Base,
			);
			mainGroup = C2C5BFB31A01883C009658AF;
			productRefGroup = C2C5BFBD1A01883C009658AF /* Products */;
			projectDirPath = "";
			projectRoot = "";
			targets = (
				C2C5BFBB1A01883C009658AF /* PrzykladZModelem */,
			);
		};
/* End PBXProject section */

/* Begin PBXResourcesBuildPhase section */
		C2C5BFBA1A01883C009658AF /* Resources */ = {
			isa = PBXResourcesBuildPhase;
			buildActionMask = 2147483647;
			files = (
				C2C5BFC71A01883C009658AF /* Main.storyboard in Resources */,
				C2C5BFCC1A01883C009658AF /* LaunchScreen.xib in Resources */,
				C2C5BFC91A01883C009658AF /* Images.xcassets in Resources */,
			);
			runOnlyForDeploymentPostprocessing = 0;
		};
/* End PBXResourcesBuildPhase section */

/* Begin PBXSourcesBuildPhase section */
		C2C5BFB81A01883C009658AF /* Sources */ = {
			isa = PBXSourcesBuildPhase;
			buildActionMask = 2147483647;
			files = (
				C2C5BFC41A01883C009658AF /* ViewController.swift in Sources */,
				C2C5BFE21A018E03009658AF /* ModelPrzyklad.swift in Sources */,
				C2C5BFC21A01883C009658AF /* AppDelegate.swift in Sources */,
			);
			runOnlyForDeploymentPostprocessing = 0;
		};
/* End PBXSourcesBuildPhase section */

/* Begin PBXVariantGroup section */
		C2C5BFC51A01883C009658AF /* Main.storyboard */ = {
			isa = PBXVariantGroup;
			children = (
				C2C5BFC61A01883C009658AF /* Base */,
			);
			name = Main.storyboard;
			sourceTree = "<group>";
		};
		C2C5BFCA1A01883C009658AF /* LaunchScreen.xib */ = {
			isa = PBXVariantGroup;
			children = (
				C2C5BFCB1A01883C009658AF /* Base */,
			);
			name = LaunchScreen.xib;
			sourceTree = "<group>";
		};
/* End PBXVariantGroup section */

/* Begin XCBuildConfiguration section */
		C2C5BFD91A01883C009658AF /* Debug */ = {
			isa = XCBuildConfiguration;
			buildSettings = {
				ALWAYS_SEARCH_USER_PATHS = NO;
				CLANG_ANALYZER_LOCALIZABILITY_NONLOCALIZED = YES;
				CLANG_CXX_LANGUAGE_STANDARD = "gnu++0x";
				CLANG_CXX_LIBRARY = "libc++";
				CLANG_ENABLE_MODULES = YES;
				CLANG_ENABLE_OBJC_ARC = YES;
				CLANG_WARN_BLOCK_CAPTURE_AUTORELEASING = YES;
				CLANG_WARN_BOOL_CONVERSION = YES;
				CLANG_WARN_COMMA = YES;
				CLANG_WARN_CONSTANT_CONVERSION = YES;
				CLANG_WARN_DEPRECATED_OBJC_IMPLEMENTATIONS = YES;
				CLANG_WARN_DIRECT_OBJC_ISA_USAGE = YES_ERROR;
				CLANG_WARN_EMPTY_BODY = YES;
				CLANG_WARN_ENUM_CONVERSION = YES;
				CLANG_WARN_INFINITE_RECURSION = YES;
				CLANG_WARN_INT_CONVERSION = YES;
				CLANG_WARN_NON_LITERAL_NULL_CONVERSION = YES;
				CLANG_WARN_OBJC_IMPLICIT_RETAIN_SELF = YES;
				CLANG_WARN_OBJC_LITERAL_CONVERSION = YES;
				CLANG_WARN_OBJC_ROOT_CLASS = YES_ERROR;
				CLANG_WARN_QUOTED_INCLUDE_IN_FRAMEWORK_HEADER = YES;
				CLANG_WARN_RANGE_LOOP_ANALYSIS = YES;
				CLANG_WARN_STRICT_PROTOTYPES = YES;
				CLANG_WARN_SUSPICIOUS_MOVE = YES;
				CLANG_WARN_UNREACHABLE_CODE = YES;
				CLANG_WARN__DUPLICATE_METHOD_MATCH = YES;
				"CODE_SIGN_IDENTITY[sdk=iphoneos*]" = "iPhone Developer";
				COPY_PHASE_STRIP = NO;
				ENABLE_STRICT_OBJC_MSGSEND = YES;
				ENABLE_TESTABILITY = YES;
				GCC_C_LANGUAGE_STANDARD = gnu99;
				GCC_DYNAMIC_NO_PIC = NO;
				GCC_NO_COMMON_BLOCKS = YES;
				GCC_OPTIMIZATION_LEVEL = 0;
				GCC_PREPROCESSOR_DEFINITIONS = (
					"DEBUG=1",
					"$(inherited)",
				);
				GCC_SYMBOLS_PRIVATE_EXTERN = NO;
				GCC_WARN_64_TO_32_BIT_CONVERSION = YES;
				GCC_WARN_ABOUT_RETURN_TYPE = YES_ERROR;
				GCC_WARN_UNDECLARED_SELECTOR = YES;
				GCC_WARN_UNINITIALIZED_AUTOS = YES_AGGRESSIVE;
				GCC_WARN_UNUSED_FUNCTION = YES;
				GCC_WARN_UNUSED_VARIABLE = YES;
				IPHONEOS_DEPLOYMENT_TARGET = 13.6;
				MTL_ENABLE_DEBUG_INFO = YES;
				ONLY_ACTIVE_ARCH = YES;
				SDKROOT = iphoneos;
				SWIFT_OPTIMIZATION_LEVEL = "-Onone";
			};
			name = Debug;
		};
		C2C5BFDA1A01883C009658AF /* Release */ = {
			isa = XCBuildConfiguration;
			buildSettings = {
				ALWAYS_SEARCH_USER_PATHS = NO;
				CLANG_ANALYZER_LOCALIZABILITY_NONLOCALIZED = YES;
				CLANG_CXX_LANGUAGE_STANDARD = "gnu++0x";
				CLANG_CXX_LIBRARY = "libc++";
				CLANG_ENABLE_MODULES = YES;
				CLANG_ENABLE_OBJC_ARC = YES;
				CLANG_WARN_BLOCK_CAPTURE_AUTORELEASING = YES;
				CLANG_WARN_BOOL_CONVERSION = YES;
				CLANG_WARN_COMMA = YES;
				CLANG_WARN_CONSTANT_CONVERSION = YES;
				CLANG_WARN_DEPRECATED_OBJC_IMPLEMENTATIONS = YES;
				CLANG_WARN_DIRECT_OBJC_ISA_USAGE = YES_ERROR;
				CLANG_WARN_EMPTY_BODY = YES;
				CLANG_WARN_ENUM_CONVERSION = YES;
				CLANG_WARN_INFINITE_RECURSION = YES;
				CLANG_WARN_INT_CONVERSION = YES;
				CLANG_WARN_NON_LITERAL_NULL_CONVERSION = YES;
				CLANG_WARN_OBJC_IMPLICIT_RETAIN_SELF = YES;
				CLANG_WARN_OBJC_LITERAL_CONVERSION = YES;
				CLANG_WARN_OBJC_ROOT_CLASS = YES_ERROR;
				CLANG_WARN_QUOTED_INCLUDE_IN_FRAMEWORK_HEADER = YES;
				CLANG_WARN_RANGE_LOOP_ANALYSIS = YES;
				CLANG_WARN_STRICT_PROTOTYPES = YES;
				CLANG_WARN_SUSPICIOUS_MOVE = YES;
				CLANG_WARN_UNREACHABLE_CODE = YES;
				CLANG_WARN__DUPLICATE_METHOD_MATCH = YES;
				"CODE_SIGN_IDENTITY[sdk=iphoneos*]" = "iPhone Developer";
				COPY_PHASE_STRIP = YES;
				ENABLE_NS_ASSERTIONS = NO;
				ENABLE_STRICT_OBJC_MSGSEND = YES;
				GCC_C_LANGUAGE_STANDARD = gnu99;
				GCC_NO_COMMON_BLOCKS = YES;
				GCC_WARN_64_TO_32_BIT_CONVERSION = YES;
				GCC_WARN_ABOUT_RETURN_TYPE = YES_ERROR;
				GCC_WARN_UNDECLARED_SELECTOR = YES;
				GCC_WARN_UNINITIALIZED_AUTOS = YES_AGGRESSIVE;
				GCC_WARN_UNUSED_FUNCTION = YES;
				GCC_WARN_UNUSED_VARIABLE = YES;
				IPHONEOS_DEPLOYMENT_TARGET = 13.6;
				MTL_ENABLE_DEBUG_INFO = NO;
				SDKROOT = iphoneos;
				SWIFT_COMPILATION_MODE = wholemodule;
				SWIFT_OPTIMIZATION_LEVEL = "-O";
				VALIDATE_PRODUCT = YES;
			};
			name = Release;
		};
		C2C5BFDC1A01883C009658AF /* Debug */ = {
			isa = XCBuildConfiguration;
			buildSettings = {
				ASSETCATALOG_COMPILER_APPICON_NAME = AppIcon;
				CODE_SIGN_IDENTITY = "";
				"CODE_SIGN_IDENTITY[sdk=iphoneos*]" = "";
				DEVELOPMENT_TEAM = "";
				INFOPLIST_FILE = PrzykladZModelem/Info.plist;
				LD_RUNPATH_SEARCH_PATHS = (
					"$(inherited)",
					"@executable_path/Frameworks",
				);
				PRODUCT_BUNDLE_IDENTIFIER = "gggg.$(PRODUCT_NAME:rfc1034identifier)";
				PRODUCT_NAME = "$(TARGET_NAME)";
				PROVISIONING_PROFILE = "";
				SDKROOT = iphoneos;
				SWIFT_VERSION = 5.0;
				TARGETED_DEVICE_FAMILY = 1;
			};
			name = Debug;
		};
		C2C5BFDD1A01883C009658AF /* Release */ = {
			isa = XCBuildConfiguration;
			buildSettings = {
				ASSETCATALOG_COMPILER_APPICON_NAME = AppIcon;
				CODE_SIGN_IDENTITY = "";
				"CODE_SIGN_IDENTITY[sdk=iphoneos*]" = "";
				DEVELOPMENT_TEAM = "";
				INFOPLIST_FILE = PrzykladZModelem/Info.plist;
				LD_RUNPATH_SEARCH_PATHS = (
					"$(inherited)",
					"@executable_path/Frameworks",
				);
				PRODUCT_BUNDLE_IDENTIFIER = "gggg.$(PRODUCT_NAME:rfc1034identifier)";
				PRODUCT_NAME = "$(TARGET_NAME)";
				PROVISIONING_PROFILE = "";
				SDKROOT = iphoneos;
				SWIFT_VERSION = 5.0;
				TARGETED_DEVICE_FAMILY = 1;
			};
			name = Release;
		};
/* End XCBuildConfiguration section */

/* Begin XCConfigurationList section */
		C2C5BFB71A01883C009658AF /* Build configuration list for PBXProject "PrzykladZModelem" */ = {
			isa = XCConfigurationList;
			buildConfigurations = (
				C2C5BFD91A01883C009658AF /* Debug */,
				C2C5BFDA1A01883C009658AF /* Release */,
			);
			defaultConfigurationIsVisible = 0;
			defaultConfigurationName = Release;
		};
		C2C5BFDB1A01883C009658AF /* Build configuration list for PBXNativeTarget "PrzykladZModelem" */ = {
			isa = XCConfigurationList;
			buildConfigurations = (
				C2C5BFDC1A01883C009658AF /* Debug */,
				C2C5BFDD1A01883C009658AF /* Release */,
			);
			defaultConfigurationIsVisible = 0;
			defaultConfigurationName = Release;
		};
/* End XCConfigurationList section */
	};
	rootObject = C2C5BFB41A01883C009658AF /* Project object */;
}
