// !$*UTF8*$!
{
	archiveVersion = 1;
	classes = {
	};
	objectVersion = 50;
	objects = {

/* Begin PBXBuildFile section */
		C29976A423568F6A009BC902 /* AppDelegate.swift in Sources */ = {isa = PBXBuildFile; fileRef = C29976A323568F6A009BC902 /* AppDelegate.swift */; };
		C29976A623568F6A009BC902 /* SceneDelegate.swift in Sources */ = {isa = PBXBuildFile; fileRef = C29976A523568F6A009BC902 /* SceneDelegate.swift */; };
		C29976A823568F6A009BC902 /* ContentView.swift in Sources */ = {isa = PBXBuildFile; fileRef = C29976A723568F6A009BC902 /* ContentView.swift */; };
		C29976AA23568F6B009BC902 /* Assets.xcassets in Resources */ = {isa = PBXBuildFile; fileRef = C29976A923568F6B009BC902 /* Assets.xcassets */; };
		C29976AD23568F6B009BC902 /* Preview Assets.xcassets in Resources */ = {isa = PBXBuildFile; fileRef = C29976AC23568F6B009BC902 /* Preview Assets.xcassets */; };
		C29976B023568F6B009BC902 /* LaunchScreen.storyboard in Resources */ = {isa = PBXBuildFile; fileRef = C29976AE23568F6B009BC902 /* LaunchScreen.storyboard */; };
		E78E763023703DD90050E911 /* MyPicker.swift in Sources */ = {isa = PBXBuildFile; fileRef = E78E762F23703DD90050E911 /* MyPicker.swift */; };
		E792BAC1236DA49600306165 /* Circle.swift in Sources */ = {isa = PBXBuildFile; fileRef = E792BAC0236DA49600306165 /* Circle.swift */; };
/* End PBXBuildFile section */

/* Begin PBXFileReference section */
		C29976A023568F6A009BC902 /* probaButton.app */ = {isa = PBXFileReference; explicitFileType = wrapper.application; includeInIndex = 0; path = probaButton.app; sourceTree = BUILT_PRODUCTS_DIR; };
		C29976A323568F6A009BC902 /* AppDelegate.swift */ = {isa = PBXFileReference; lastKnownFileType = sourcecode.swift; path = AppDelegate.swift; sourceTree = "<group>"; };
		C29976A523568F6A009BC902 /* SceneDelegate.swift */ = {isa = PBXFileReference; lastKnownFileType = sourcecode.swift; path = SceneDelegate.swift; sourceTree = "<group>"; };
		C29976A723568F6A009BC902 /* ContentView.swift */ = {isa = PBXFileReference; lastKnownFileType = sourcecode.swift; path = ContentView.swift; sourceTree = "<group>"; };
		C29976A923568F6B009BC902 /* Assets.xcassets */ = {isa = PBXFileReference; lastKnownFileType = folder.assetcatalog; path = Assets.xcassets; sourceTree = "<group>"; };
		C29976AC23568F6B009BC902 /* Preview Assets.xcassets */ = {isa = PBXFileReference; lastKnownFileType = folder.assetcatalog; path = "Preview Assets.xcassets"; sourceTree = "<group>"; };
		C29976AF23568F6B009BC902 /* Base */ = {isa = PBXFileReference; lastKnownFileType = file.storyboard; name = Base; path = Base.lproj/LaunchScreen.storyboard; sourceTree = "<group>"; };
		C29976B123568F6B009BC902 /* Info.plist */ = {isa = PBXFileReference; lastKnownFileType = text.plist.xml; path = Info.plist; sourceTree = "<group>"; };
		E75C36E125646B7A0077527F /* probaButton.entitlements */ = {isa = PBXFileReference; lastKnownFileType = text.plist.entitlements; path = probaButton.entitlements; sourceTree = "<group>"; };
		E78E762F23703DD90050E911 /* MyPicker.swift */ = {isa = PBXFileReference; lastKnownFileType = sourcecode.swift; path = MyPicker.swift; sourceTree = "<group>"; };
		E792BAC0236DA49600306165 /* Circle.swift */ = {isa = PBXFileReference; lastKnownFileType = sourcecode.swift; path = Circle.swift; sourceTree = "<group>"; };
/* End PBXFileReference section */

/* Begin PBXFrameworksBuildPhase section */
		C299769D23568F6A009BC902 /* Frameworks */ = {
			isa = PBXFrameworksBuildPhase;
			buildActionMask = 2147483647;
			files = (
			);
			runOnlyForDeploymentPostprocessing = 0;
		};
/* End PBXFrameworksBuildPhase section */

/* Begin PBXGroup section */
		C299769723568F6A009BC902 = {
			isa = PBXGroup;
			children = (
				C29976A223568F6A009BC902 /* probaButton */,
				C29976A123568F6A009BC902 /* Products */,
			);
			sourceTree = "<group>";
		};
		C29976A123568F6A009BC902 /* Products */ = {
			isa = PBXGroup;
			children = (
				C29976A023568F6A009BC902 /* probaButton.app */,
			);
			name = Products;
			sourceTree = "<group>";
		};
		C29976A223568F6A009BC902 /* probaButton */ = {
			isa = PBXGroup;
			children = (
				E75C36E125646B7A0077527F /* probaButton.entitlements */,
				C29976A323568F6A009BC902 /* AppDelegate.swift */,
				C29976A523568F6A009BC902 /* SceneDelegate.swift */,
				C29976A723568F6A009BC902 /* ContentView.swift */,
				E792BAC0236DA49600306165 /* Circle.swift */,
				E78E762F23703DD90050E911 /* MyPicker.swift */,
				C29976A923568F6B009BC902 /* Assets.xcassets */,
				C29976AE23568F6B009BC902 /* LaunchScreen.storyboard */,
				C29976B123568F6B009BC902 /* Info.plist */,
				C29976AB23568F6B009BC902 /* Preview Content */,
			);
			path = probaButton;
			sourceTree = "<group>";
		};
		C29976AB23568F6B009BC902 /* Preview Content */ = {
			isa = PBXGroup;
			children = (
				C29976AC23568F6B009BC902 /* Preview Assets.xcassets */,
			);
			path = "Preview Content";
			sourceTree = "<group>";
		};
/* End PBXGroup section */

/* Begin PBXNativeTarget section */
		C299769F23568F6A009BC902 /* probaButton */ = {
			isa = PBXNativeTarget;
			buildConfigurationList = C29976B423568F6B009BC902 /* Build configuration list for PBXNativeTarget "probaButton" */;
			buildPhases = (
				C299769C23568F6A009BC902 /* Sources */,
				C299769D23568F6A009BC902 /* Frameworks */,
				C299769E23568F6A009BC902 /* Resources */,
			);
			buildRules = (
			);
			dependencies = (
			);
			name = probaButton;
			productName = probaButton;
			productReference = C29976A023568F6A009BC902 /* probaButton.app */;
			productType = "com.apple.product-type.application";
		};
/* End PBXNativeTarget section */

/* Begin PBXProject section */
		C299769823568F6A009BC902 /* Project object */ = {
			isa = PBXProject;
			attributes = {
				LastSwiftUpdateCheck = 1110;
				LastUpgradeCheck = 1210;
				ORGANIZATIONNAME = "Adam Wojtasik";
				TargetAttributes = {
					C299769F23568F6A009BC902 = {
						CreatedOnToolsVersion = 11.1;
					};
				};
			};
			buildConfigurationList = C299769B23568F6A009BC902 /* Build configuration list for PBXProject "probaButton" */;
			compatibilityVersion = "Xcode 9.3";
			developmentRegion = en;
			hasScannedForEncodings = 0;
			knownRegions = (
				en,
				Base,
			);
			mainGroup = C299769723568F6A009BC902;
			productRefGroup = C29976A123568F6A009BC902 /* Products */;
			projectDirPath = "";
			projectRoot = "";
			targets = (
				C299769F23568F6A009BC902 /* probaButton */,
			);
		};
/* End PBXProject section */

/* Begin PBXResourcesBuildPhase section */
		C299769E23568F6A009BC902 /* Resources */ = {
			isa = PBXResourcesBuildPhase;
			buildActionMask = 2147483647;
			files = (
				C29976B023568F6B009BC902 /* LaunchScreen.storyboard in Resources */,
				C29976AD23568F6B009BC902 /* Preview Assets.xcassets in Resources */,
				C29976AA23568F6B009BC902 /* Assets.xcassets in Resources */,
			);
			runOnlyForDeploymentPostprocessing = 0;
		};
/* End PBXResourcesBuildPhase section */

/* Begin PBXSourcesBuildPhase section */
		C299769C23568F6A009BC902 /* Sources */ = {
			isa = PBXSourcesBuildPhase;
			buildActionMask = 2147483647;
			files = (
				C29976A423568F6A009BC902 /* AppDelegate.swift in Sources */,
				E792BAC1236DA49600306165 /* Circle.swift in Sources */,
				C29976A623568F6A009BC902 /* SceneDelegate.swift in Sources */,
				C29976A823568F6A009BC902 /* ContentView.swift in Sources */,
				E78E763023703DD90050E911 /* MyPicker.swift in Sources */,
			);
			runOnlyForDeploymentPostprocessing = 0;
		};
/* End PBXSourcesBuildPhase section */

/* Begin PBXVariantGroup section */
		C29976AE23568F6B009BC902 /* LaunchScreen.storyboard */ = {
			isa = PBXVariantGroup;
			children = (
				C29976AF23568F6B009BC902 /* Base */,
			);
			name = LaunchScreen.storyboard;
			sourceTree = "<group>";
		};
/* End PBXVariantGroup section */

/* Begin XCBuildConfiguration section */
		C29976B223568F6B009BC902 /* Debug */ = {
			isa = XCBuildConfiguration;
			buildSettings = {
				ALWAYS_SEARCH_USER_PATHS = NO;
				CLANG_ANALYZER_NONNULL = YES;
				CLANG_ANALYZER_NUMBER_OBJECT_CONVERSION = YES_AGGRESSIVE;
				CLANG_CXX_LANGUAGE_STANDARD = "gnu++14";
				CLANG_CXX_LIBRARY = "libc++";
				CLANG_ENABLE_MODULES = YES;
				CLANG_ENABLE_OBJC_ARC = YES;
				CLANG_ENABLE_OBJC_WEAK = YES;
				CLANG_WARN_BLOCK_CAPTURE_AUTORELEASING = YES;
				CLANG_WARN_BOOL_CONVERSION = YES;
				CLANG_WARN_COMMA = YES;
				CLANG_WARN_CONSTANT_CONVERSION = YES;
				CLANG_WARN_DEPRECATED_OBJC_IMPLEMENTATIONS = YES;
				CLANG_WARN_DIRECT_OBJC_ISA_USAGE = YES_ERROR;
				CLANG_WARN_DOCUMENTATION_COMMENTS = YES;
				CLANG_WARN_EMPTY_BODY = YES;
				CLANG_WARN_ENUM_CONVERSION = YES;
				CLANG_WARN_INFINITE_RECURSION = YES;
				CLANG_WARN_INT_CONVERSION = YES;
				CLANG_WARN_NON_LITERAL_NULL_CONVERSION = YES;
				CLANG_WARN_OBJC_IMPLICIT_RETAIN_SELF = YES;
				CLANG_WARN_OBJC_LITERAL_CONVERSION = YES;
				CLANG_WARN_OBJC_ROOT_CLASS = YES_ERROR;
				CLANG_WARN_QUOTED_INCLUDE_IN_FRAMEWORK_HEADER = YES;
				CLANG_WARN_RANGE_LOOP_ANALYSIS = YES;
				CLANG_WARN_STRICT_PROTOTYPES = YES;
				CLANG_WARN_SUSPICIOUS_MOVE = YES;
				CLANG_WARN_UNGUARDED_AVAILABILITY = YES_AGGRESSIVE;
				CLANG_WARN_UNREACHABLE_CODE = YES;
				CLANG_WARN__DUPLICATE_METHOD_MATCH = YES;
				COPY_PHASE_STRIP = NO;
				DEBUG_INFORMATION_FORMAT = dwarf;
				ENABLE_STRICT_OBJC_MSGSEND = YES;
				ENABLE_TESTABILITY = YES;
				GCC_C_LANGUAGE_STANDARD = gnu11;
				GCC_DYNAMIC_NO_PIC = NO;
				GCC_NO_COMMON_BLOCKS = YES;
				GCC_OPTIMIZATION_LEVEL = 0;
				GCC_PREPROCESSOR_DEFINITIONS = (
					"DEBUG=1",
					"$(inherited)",
				);
				GCC_WARN_64_TO_32_BIT_CONVERSION = YES;
				GCC_WARN_ABOUT_RETURN_TYPE = YES_ERROR;
				GCC_WARN_UNDECLARED_SELECTOR = YES;
				GCC_WARN_UNINITIALIZED_AUTOS = YES_AGGRESSIVE;
				GCC_WARN_UNUSED_FUNCTION = YES;
				GCC_WARN_UNUSED_VARIABLE = YES;
				IPHONEOS_DEPLOYMENT_TARGET = 13.6;
				MTL_ENABLE_DEBUG_INFO = INCLUDE_SOURCE;
				MTL_FAST_MATH = YES;
				ONLY_ACTIVE_ARCH = YES;
				SDKROOT = iphoneos;
				SWIFT_ACTIVE_COMPILATION_CONDITIONS = DEBUG;
				SWIFT_OPTIMIZATION_LEVEL = "-Onone";
			};
			name = Debug;
		};
		C29976B323568F6B009BC902 /* Release */ = {
			isa = XCBuildConfiguration;
			buildSettings = {
				ALWAYS_SEARCH_USER_PATHS = NO;
				CLANG_ANALYZER_NONNULL = YES;
				CLANG_ANALYZER_NUMBER_OBJECT_CONVERSION = YES_AGGRESSIVE;
				CLANG_CXX_LANGUAGE_STANDARD = "gnu++14";
				CLANG_CXX_LIBRARY = "libc++";
				CLANG_ENABLE_MODULES = YES;
				CLANG_ENABLE_OBJC_ARC = YES;
				CLANG_ENABLE_OBJC_WEAK = YES;
				CLANG_WARN_BLOCK_CAPTURE_AUTORELEASING = YES;
				CLANG_WARN_BOOL_CONVERSION = YES;
				CLANG_WARN_COMMA = YES;
				CLANG_WARN_CONSTANT_CONVERSION = YES;
				CLANG_WARN_DEPRECATED_OBJC_IMPLEMENTATIONS = YES;
				CLANG_WARN_DIRECT_OBJC_ISA_USAGE = YES_ERROR;
				CLANG_WARN_DOCUMENTATION_COMMENTS = YES;
				CLANG_WARN_EMPTY_BODY = YES;
				CLANG_WARN_ENUM_CONVERSION = YES;
				CLANG_WARN_INFINITE_RECURSION = YES;
				CLANG_WARN_INT_CONVERSION = YES;
				CLANG_WARN_NON_LITERAL_NULL_CONVERSION = YES;
				CLANG_WARN_OBJC_IMPLICIT_RETAIN_SELF = YES;
				CLANG_WARN_OBJC_LITERAL_CONVERSION = YES;
				CLANG_WARN_OBJC_ROOT_CLASS = YES_ERROR;
				CLANG_WARN_QUOTED_INCLUDE_IN_FRAMEWORK_HEADER = YES;
				CLANG_WARN_RANGE_LOOP_ANALYSIS = YES;
				CLANG_WARN_STRICT_PROTOTYPES = YES;
				CLANG_WARN_SUSPICIOUS_MOVE = YES;
				CLANG_WARN_UNGUARDED_AVAILABILITY = YES_AGGRESSIVE;
				CLANG_WARN_UNREACHABLE_CODE = YES;
				CLANG_WARN__DUPLICATE_METHOD_MATCH = YES;
				COPY_PHASE_STRIP = NO;
				DEBUG_INFORMATION_FORMAT = "dwarf-with-dsym";
				ENABLE_NS_ASSERTIONS = NO;
				ENABLE_STRICT_OBJC_MSGSEND = YES;
				GCC_C_LANGUAGE_STANDARD = gnu11;
				GCC_NO_COMMON_BLOCKS = YES;
				GCC_WARN_64_TO_32_BIT_CONVERSION = YES;
				GCC_WARN_ABOUT_RETURN_TYPE = YES_ERROR;
				GCC_WARN_UNDECLARED_SELECTOR = YES;
				GCC_WARN_UNINITIALIZED_AUTOS = YES_AGGRESSIVE;
				GCC_WARN_UNUSED_FUNCTION = YES;
				GCC_WARN_UNUSED_VARIABLE = YES;
				IPHONEOS_DEPLOYMENT_TARGET = 13.6;
				MTL_ENABLE_DEBUG_INFO = NO;
				MTL_FAST_MATH = YES;
				SDKROOT = iphoneos;
				SWIFT_COMPILATION_MODE = wholemodule;
				SWIFT_OPTIMIZATION_LEVEL = "-O";
				VALIDATE_PRODUCT = YES;
			};
			name = Release;
		};
		C29976B523568F6B009BC902 /* Debug */ = {
			isa = XCBuildConfiguration;
			buildSettings = {
				ASSETCATALOG_COMPILER_APPICON_NAME = AppIcon;
				CODE_SIGN_ENTITLEMENTS = probaButton/probaButton.entitlements;
				CODE_SIGN_STYLE = Automatic;
				DEVELOPMENT_ASSET_PATHS = "\"probaButton/Preview Content\"";
				DEVELOPMENT_TEAM = "";
				ENABLE_PREVIEWS = YES;
				INFOPLIST_FILE = probaButton/Info.plist;
				IPHONEOS_DEPLOYMENT_TARGET = 13.6;
				LD_RUNPATH_SEARCH_PATHS = (
					"$(inherited)",
					"@executable_path/Frameworks",
				);
				PRODUCT_BUNDLE_IDENTIFIER = com.imio.pw.probaButton;
				PRODUCT_NAME = "$(TARGET_NAME)";
				SUPPORTS_MACCATALYST = YES;
				SWIFT_VERSION = 5.0;
				TARGETED_DEVICE_FAMILY = "1,2";
			};
			name = Debug;
		};
		C29976B623568F6B009BC902 /* Release */ = {
			isa = XCBuildConfiguration;
			buildSettings = {
				ASSETCATALOG_COMPILER_APPICON_NAME = AppIcon;
				CODE_SIGN_ENTITLEMENTS = probaButton/probaButton.entitlements;
				CODE_SIGN_STYLE = Automatic;
				DEVELOPMENT_ASSET_PATHS = "\"probaButton/Preview Content\"";
				DEVELOPMENT_TEAM = "";
				ENABLE_PREVIEWS = YES;
				INFOPLIST_FILE = probaButton/Info.plist;
				IPHONEOS_DEPLOYMENT_TARGET = 13.6;
				LD_RUNPATH_SEARCH_PATHS = (
					"$(inherited)",
					"@executable_path/Frameworks",
				);
				PRODUCT_BUNDLE_IDENTIFIER = com.imio.pw.probaButton;
				PRODUCT_NAME = "$(TARGET_NAME)";
				SUPPORTS_MACCATALYST = YES;
				SWIFT_VERSION = 5.0;
				TARGETED_DEVICE_FAMILY = "1,2";
			};
			name = Release;
		};
/* End XCBuildConfiguration section */

/* Begin XCConfigurationList section */
		C299769B23568F6A009BC902 /* Build configuration list for PBXProject "probaButton" */ = {
			isa = XCConfigurationList;
			buildConfigurations = (
				C29976B223568F6B009BC902 /* Debug */,
				C29976B323568F6B009BC902 /* Release */,
			);
			defaultConfigurationIsVisible = 0;
			defaultConfigurationName = Release;
		};
		C29976B423568F6B009BC902 /* Build configuration list for PBXNativeTarget "probaButton" */ = {
			isa = XCConfigurationList;
			buildConfigurations = (
				C29976B523568F6B009BC902 /* Debug */,
				C29976B623568F6B009BC902 /* Release */,
			);
			defaultConfigurationIsVisible = 0;
			defaultConfigurationName = Release;
		};
/* End XCConfigurationList section */
	};
	rootObject = C299769823568F6A009BC902 /* Project object */;
}
